
Microsoft Visual Studio Solution File, Format Version 12.00
# Visual Studio 2013
VisualStudioVersion = 12.0.31101.0
MinimumVisualStudioVersion = 10.0.40219.1
Project("{FAE04EC0-301F-11D3-BF4B-00C04F79EFBC}") = "SPMeta2.VsixExtensions", "SPMeta2.VsixExtensions\SPMeta2.VsixExtensions.csproj", "{AEDF35AF-E473-407A-ACE2-A8A47F4A37E1}"
EndProject
Project("{FAE04EC0-301F-11D3-BF4B-00C04F79EFBC}") = "SPMeta2.VS.CSharp", "SPMeta2.VS.CSharp\SPMeta2.VS.CSharp.csproj", "{645A0056-95A8-4C14-9EFC-FBC9F727BBA8}"
EndProject
Project("{FAE04EC0-301F-11D3-BF4B-00C04F79EFBC}") = "SPMeta2.VS.Tooling", "SPMeta2.VS.Tooling\SPMeta2.VS.Tooling.csproj", "{E2E51197-70CC-452B-AD3A-E393FDBA873B}"
EndProject
Project("{FAE04EC0-301F-11D3-BF4B-00C04F79EFBC}") = "SPMeta2.VS.Visualizers", "SPMeta2.VS.Visualizers\SPMeta2.VS.Visualizers.csproj", "{BBAD25B7-EC8E-4D40-81AA-688F7A703839}"
EndProject
Project("{FAE04EC0-301F-11D3-BF4B-00C04F79EFBC}") = "SPMeta2.VS.Visualizers.Tests", "SPMeta2.VS.Visualizers.Tests\SPMeta2.VS.Visualizers.Tests.csproj", "{C444255C-5613-4210-B2D8-830BCEBF31C4}"
EndProject
Project("{2150E333-8FDC-42A3-9474-1A3956D46DE8}") = "Templates", "Templates", "{8F552B6C-B1EF-4D46-B609-2B80278978BF}"
EndProject
Project("{2150E333-8FDC-42A3-9474-1A3956D46DE8}") = "Tooling", "Tooling", "{F47CE6E6-7087-4712-98F4-3578342A1966}"
EndProject
Project("{FAE04EC0-301F-11D3-BF4B-00C04F79EFBC}") = "SPMeta2.VS.CSharp.ProvisionConsole", "SPMeta2.VS.CSharp.ProvisionConsole\SPMeta2.VS.CSharp.ProvisionConsole.csproj", "{0329718A-87D3-41A3-9072-1102B1B8C2E4}"
EndProject
Project("{FAE04EC0-301F-11D3-BF4B-00C04F79EFBC}") = "SPMeta2.VS.CSharp.Tests", "SPMeta2.VS.CSharp.Tests\SPMeta2.VS.CSharp.Tests.csproj", "{2E7602E6-CF47-48D3-9DFF-B1CB55C221B9}"
EndProject
Global
	GlobalSection(SolutionConfigurationPlatforms) = preSolution
		Debug|Any CPU = Debug|Any CPU
		Release|Any CPU = Release|Any CPU
	EndGlobalSection
	GlobalSection(ProjectConfigurationPlatforms) = postSolution
		{AEDF35AF-E473-407A-ACE2-A8A47F4A37E1}.Debug|Any CPU.ActiveCfg = Debug|Any CPU
		{AEDF35AF-E473-407A-ACE2-A8A47F4A37E1}.Debug|Any CPU.Build.0 = Debug|Any CPU
		{AEDF35AF-E473-407A-ACE2-A8A47F4A37E1}.Release|Any CPU.ActiveCfg = Release|Any CPU
		{AEDF35AF-E473-407A-ACE2-A8A47F4A37E1}.Release|Any CPU.Build.0 = Release|Any CPU
		{645A0056-95A8-4C14-9EFC-FBC9F727BBA8}.Debug|Any CPU.ActiveCfg = Debug|Any CPU
		{645A0056-95A8-4C14-9EFC-FBC9F727BBA8}.Debug|Any CPU.Build.0 = Debug|Any CPU
		{645A0056-95A8-4C14-9EFC-FBC9F727BBA8}.Release|Any CPU.ActiveCfg = Release|Any CPU
		{645A0056-95A8-4C14-9EFC-FBC9F727BBA8}.Release|Any CPU.Build.0 = Release|Any CPU
		{E2E51197-70CC-452B-AD3A-E393FDBA873B}.Debug|Any CPU.ActiveCfg = Debug|Any CPU
		{E2E51197-70CC-452B-AD3A-E393FDBA873B}.Debug|Any CPU.Build.0 = Debug|Any CPU
		{E2E51197-70CC-452B-AD3A-E393FDBA873B}.Release|Any CPU.ActiveCfg = Release|Any CPU
		{E2E51197-70CC-452B-AD3A-E393FDBA873B}.Release|Any CPU.Build.0 = Release|Any CPU
		{BBAD25B7-EC8E-4D40-81AA-688F7A703839}.Debug|Any CPU.ActiveCfg = Debug|Any CPU
		{BBAD25B7-EC8E-4D40-81AA-688F7A703839}.Debug|Any CPU.Build.0 = Debug|Any CPU
		{BBAD25B7-EC8E-4D40-81AA-688F7A703839}.Release|Any CPU.ActiveCfg = Release|Any CPU
		{BBAD25B7-EC8E-4D40-81AA-688F7A703839}.Release|Any CPU.Build.0 = Release|Any CPU
		{C444255C-5613-4210-B2D8-830BCEBF31C4}.Debug|Any CPU.ActiveCfg = Debug|Any CPU
		{C444255C-5613-4210-B2D8-830BCEBF31C4}.Debug|Any CPU.Build.0 = Debug|Any CPU
		{C444255C-5613-4210-B2D8-830BCEBF31C4}.Release|Any CPU.ActiveCfg = Release|Any CPU
		{C444255C-5613-4210-B2D8-830BCEBF31C4}.Release|Any CPU.Build.0 = Release|Any CPU
		{0329718A-87D3-41A3-9072-1102B1B8C2E4}.Debug|Any CPU.ActiveCfg = Debug|Any CPU
		{0329718A-87D3-41A3-9072-1102B1B8C2E4}.Debug|Any CPU.Build.0 = Debug|Any CPU
		{0329718A-87D3-41A3-9072-1102B1B8C2E4}.Release|Any CPU.ActiveCfg = Release|Any CPU
		{0329718A-87D3-41A3-9072-1102B1B8C2E4}.Release|Any CPU.Build.0 = Release|Any CPU
		{2E7602E6-CF47-48D3-9DFF-B1CB55C221B9}.Debug|Any CPU.ActiveCfg = Debug|Any CPU
		{2E7602E6-CF47-48D3-9DFF-B1CB55C221B9}.Debug|Any CPU.Build.0 = Debug|Any CPU
		{2E7602E6-CF47-48D3-9DFF-B1CB55C221B9}.Release|Any CPU.ActiveCfg = Release|Any CPU
		{2E7602E6-CF47-48D3-9DFF-B1CB55C221B9}.Release|Any CPU.Build.0 = Release|Any CPU
	EndGlobalSection
	GlobalSection(SolutionProperties) = preSolution
		HideSolutionNode = FALSE
	EndGlobalSection
	GlobalSection(NestedProjects) = preSolution
		{645A0056-95A8-4C14-9EFC-FBC9F727BBA8} = {8F552B6C-B1EF-4D46-B609-2B80278978BF}
		{E2E51197-70CC-452B-AD3A-E393FDBA873B} = {F47CE6E6-7087-4712-98F4-3578342A1966}
		{BBAD25B7-EC8E-4D40-81AA-688F7A703839} = {F47CE6E6-7087-4712-98F4-3578342A1966}
		{C444255C-5613-4210-B2D8-830BCEBF31C4} = {F47CE6E6-7087-4712-98F4-3578342A1966}
		{0329718A-87D3-41A3-9072-1102B1B8C2E4} = {8F552B6C-B1EF-4D46-B609-2B80278978BF}
		{2E7602E6-CF47-48D3-9DFF-B1CB55C221B9} = {8F552B6C-B1EF-4D46-B609-2B80278978BF}
	EndGlobalSection
EndGlobal
